[root]
name = "r-maze"
version = "0.0.1"
dependencies = [
 "disjoint_sets 0.0.1 (git+https://github.com/tlrobrn/r-dsets)",
 "rand 0.3.8 (registry+https://github.com/rust-lang/crates.io-index)",
]

[[package]]
name = "disjoint_sets"
version = "0.0.1"
source = "git+https://github.com/tlrobrn/r-dsets#9ab9c7ed133d20f557ad1b733ce11b11df120629"

[[package]]
name = "libc"
version = "0.1.8"
source = "registry+https://github.com/rust-lang/crates.io-index"

[[package]]
name = "rand"
version = "0.3.8"
source = "registry+https://github.com/rust-lang/crates.io-index"
dependencies = [
 "libc 0.1.8 (registry+https://github.com/rust-lang/crates.io-index)",
]

